Microsoft Visual Studio Solution File, Format Version 12.00
# Visual Studio Version 17
VisualStudioVersion = 17.5.2.0
MinimumVisualStudioVersion = 10.0.40219.1
Project("{FAE04EC0-301F-11D3-BF4B-00C04F79EFBC}") = "HealthProbe", "HealthProbe.csproj", "{513B309C-8369-6AFD-D5B0-E445AB293214}"
EndProject
Global
	GlobalSection(SolutionConfigurationPlatforms) = preSolution
		Debug|Any CPU = Debug|Any CPU
		Release|Any CPU = Release|Any CPU
	EndGlobalSection
	GlobalSection(ProjectConfigurationPlatforms) = postSolution
		{513B309C-8369-6AFD-D5B0-E445AB293214}.Debug|Any CPU.ActiveCfg = Debug|Any CPU
		{513B309C-8369-6AFD-D5B0-E445AB293214}.Debug|Any CPU.Build.0 = Debug|Any CPU
		{513B309C-8369-6AFD-D5B0-E445AB293214}.Release|Any CPU.ActiveCfg = Release|Any CPU
		{513B309C-8369-6AFD-D5B0-E445AB293214}.Release|Any CPU.Build.0 = Release|Any CPU
	EndGlobalSection
	GlobalSection(SolutionProperties) = preSolution
		HideSolutionNode = FALSE
	EndGlobalSection
	GlobalSection(ExtensibilityGlobals) = postSolution
		SolutionGuid = {C08B7286-156B-4690-B001-94B1023F2D2A}
	EndGlobalSection
EndGlobal
