Microsoft Visual Studio Solution File, Format Version 12.00
# Visual Studio Version 17
VisualStudioVersion = 17.5.2.0
MinimumVisualStudioVersion = 10.0.40219.1
Project("{FAE04EC0-301F-11D3-BF4B-00C04F79EFBC}") = "BlazorLoginDemo.Api", "BlazorLoginDemo.Api.csproj", "{02D4677D-154D-A2AE-63C1-77A04019039B}"
EndProject
Global
	GlobalSection(SolutionConfigurationPlatforms) = preSolution
		Debug|Any CPU = Debug|Any CPU
		Release|Any CPU = Release|Any CPU
	EndGlobalSection
	GlobalSection(ProjectConfigurationPlatforms) = postSolution
		{02D4677D-154D-A2AE-63C1-77A04019039B}.Debug|Any CPU.ActiveCfg = Debug|Any CPU
		{02D4677D-154D-A2AE-63C1-77A04019039B}.Debug|Any CPU.Build.0 = Debug|Any CPU
		{02D4677D-154D-A2AE-63C1-77A04019039B}.Release|Any CPU.ActiveCfg = Release|Any CPU
		{02D4677D-154D-A2AE-63C1-77A04019039B}.Release|Any CPU.Build.0 = Release|Any CPU
	EndGlobalSection
	GlobalSection(SolutionProperties) = preSolution
		HideSolutionNode = FALSE
	EndGlobalSection
	GlobalSection(ExtensibilityGlobals) = postSolution
		SolutionGuid = {238D17B4-47E0-430D-AAF3-60322FA5FB3D}
	EndGlobalSection
EndGlobal
